// !$*UTF8*$!
{
	archiveVersion = 1;
	classes = {
	};
	objectVersion = 46;
	objects = {

/* Begin PBXBuildFile section */
		3F2999AB1BC46F6200D99A54 /* main.m in Sources */ = {isa = PBXBuildFile; fileRef = 3F2999AA1BC46F6200D99A54 /* main.m */; };
		3F2999AE1BC46F6200D99A54 /* AppDelegate.m in Sources */ = {isa = PBXBuildFile; fileRef = 3F2999AD1BC46F6200D99A54 /* AppDelegate.m */; };
		3F2999B61BC46F6200D99A54 /* GameViewController.m in Sources */ = {isa = PBXBuildFile; fileRef = 3F2999B51BC46F6200D99A54 /* GameViewController.m */; };
		3F2999B91BC46F6200D99A54 /* Main.storyboard in Resources */ = {isa = PBXBuildFile; fileRef = 3F2999B71BC46F6200D99A54 /* Main.storyboard */; };
		3F2999BB1BC46F6200D99A54 /* Assets.xcassets in Resources */ = {isa = PBXBuildFile; fileRef = 3F2999BA1BC46F6200D99A54 /* Assets.xcassets */; };
		3F2999BE1BC46F6200D99A54 /* LaunchScreen.storyboard in Resources */ = {isa = PBXBuildFile; fileRef = 3F2999BC1BC46F6200D99A54 /* LaunchScreen.storyboard */; };
		3F2999C91BC46F6200D99A54 /* cookieTests.m in Sources */ = {isa = PBXBuildFile; fileRef = 3F2999C81BC46F6200D99A54 /* cookieTests.m */; };
		3F2999D41BC46F6200D99A54 /* cookieUITests.m in Sources */ = {isa = PBXBuildFile; fileRef = 3F2999D31BC46F6200D99A54 /* cookieUITests.m */; };
		3FD0642F1C15205300FF0B6D /* MilkSpashAnimation_Left.sks in Resources */ = {isa = PBXBuildFile; fileRef = 3FD0642D1C15205300FF0B6D /* MilkSpashAnimation_Left.sks */; };
		3FD6047B1C22051A00ECECCE /* sprites.atlas in Resources */ = {isa = PBXBuildFile; fileRef = 3FD6047A1C22051A00ECECCE /* sprites.atlas */; };
		3FD6047D1C22052800ECECCE /* sprites-ipad.atlas in Resources */ = {isa = PBXBuildFile; fileRef = 3FD6047C1C22052800ECECCE /* sprites-ipad.atlas */; };
		3FD6047F1C22053700ECECCE /* sprites-568.atlas in Resources */ = {isa = PBXBuildFile; fileRef = 3FD6047E1C22053700ECECCE /* sprites-568.atlas */; };
		3FDC3CBB1C2D9F7A00EE6FC6 /* JMBasicLevel.m in Sources */ = {isa = PBXBuildFile; fileRef = 3FDC3CBA1C2D9F7A00EE6FC6 /* JMBasicLevel.m */; };
		3FDC3CBE1C2D9FCD00EE6FC6 /* JMLevel01.m in Sources */ = {isa = PBXBuildFile; fileRef = 3FDC3CBD1C2D9FCD00EE6FC6 /* JMLevel01.m */; };
		3FDC3CC21C2DA94300EE6FC6 /* JMLevel02.m in Sources */ = {isa = PBXBuildFile; fileRef = 3FDC3CC11C2DA94300EE6FC6 /* JMLevel02.m */; };
		3FE2C6241C2C9AF100D6CC39 /* JMStar.m in Sources */ = {isa = PBXBuildFile; fileRef = 3FE2C6231C2C9AF100D6CC39 /* JMStar.m */; };
		3FF09B991C8CC9C2007055BB /* JMLevelSelect.m in Sources */ = {isa = PBXBuildFile; fileRef = 3FF09B981C8CC9C2007055BB /* JMLevelSelect.m */; };
		3FF09BA01C8CD2AA007055BB /* JMScrollableNode.m in Sources */ = {isa = PBXBuildFile; fileRef = 3FF09B9F1C8CD2AA007055BB /* JMScrollableNode.m */; };
		3FF635941C19288A000FC6E2 /* MilkSpashAnimation_Right.sks in Resources */ = {isa = PBXBuildFile; fileRef = 3FF635931C19288A000FC6E2 /* MilkSpashAnimation_Right.sks */; };
		3FFAFE681C2A3809009E4DFF /* JMWall.m in Sources */ = {isa = PBXBuildFile; fileRef = 3FFAFE671C2A3809009E4DFF /* JMWall.m */; };
/* End PBXBuildFile section */

/* Begin PBXContainerItemProxy section */
		3F2999C51BC46F6200D99A54 /* PBXContainerItemProxy */ = {
			isa = PBXContainerItemProxy;
			containerPortal = 3F29999E1BC46F6200D99A54 /* Project object */;
			proxyType = 1;
			remoteGlobalIDString = 3F2999A51BC46F6200D99A54;
			remoteInfo = cookie;
		};
		3F2999D01BC46F6200D99A54 /* PBXContainerItemProxy */ = {
			isa = PBXContainerItemProxy;
			containerPortal = 3F29999E1BC46F6200D99A54 /* Project object */;
			proxyType = 1;
			remoteGlobalIDString = 3F2999A51BC46F6200D99A54;
			remoteInfo = cookie;
		};
/* End PBXContainerItemProxy section */

/* Begin PBXFileReference section */
		3F2999A61BC46F6200D99A54 /* cookie.app */ = {isa = PBXFileReference; explicitFileType = wrapper.application; includeInIndex = 0; path = cookie.app; sourceTree = BUILT_PRODUCTS_DIR; };
		3F2999AA1BC46F6200D99A54 /* main.m */ = {isa = PBXFileReference; lastKnownFileType = sourcecode.c.objc; path = main.m; sourceTree = "<group>"; };
		3F2999AC1BC46F6200D99A54 /* AppDelegate.h */ = {isa = PBXFileReference; lastKnownFileType = sourcecode.c.h; path = AppDelegate.h; sourceTree = "<group>"; };
		3F2999AD1BC46F6200D99A54 /* AppDelegate.m */ = {isa = PBXFileReference; lastKnownFileType = sourcecode.c.objc; path = AppDelegate.m; sourceTree = "<group>"; };
		3F2999B41BC46F6200D99A54 /* GameViewController.h */ = {isa = PBXFileReference; lastKnownFileType = sourcecode.c.h; path = GameViewController.h; sourceTree = "<group>"; };
		3F2999B51BC46F6200D99A54 /* GameViewController.m */ = {isa = PBXFileReference; lastKnownFileType = sourcecode.c.objc; path = GameViewController.m; sourceTree = "<group>"; };
		3F2999B81BC46F6200D99A54 /* Base */ = {isa = PBXFileReference; lastKnownFileType = file.storyboard; name = Base; path = Base.lproj/Main.storyboard; sourceTree = "<group>"; };
		3F2999BA1BC46F6200D99A54 /* Assets.xcassets */ = {isa = PBXFileReference; lastKnownFileType = folder.assetcatalog; path = Assets.xcassets; sourceTree = "<group>"; };
		3F2999BD1BC46F6200D99A54 /* Base */ = {isa = PBXFileReference; lastKnownFileType = file.storyboard; name = Base; path = Base.lproj/LaunchScreen.storyboard; sourceTree = "<group>"; };
		3F2999BF1BC46F6200D99A54 /* Info.plist */ = {isa = PBXFileReference; lastKnownFileType = text.plist.xml; path = Info.plist; sourceTree = "<group>"; };
		3F2999C41BC46F6200D99A54 /* cookieTests.xctest */ = {isa = PBXFileReference; explicitFileType = wrapper.cfbundle; includeInIndex = 0; path = cookieTests.xctest; sourceTree = BUILT_PRODUCTS_DIR; };
		3F2999C81BC46F6200D99A54 /* cookieTests.m */ = {isa = PBXFileReference; lastKnownFileType = sourcecode.c.objc; path = cookieTests.m; sourceTree = "<group>"; };
		3F2999CA1BC46F6200D99A54 /* Info.plist */ = {isa = PBXFileReference; lastKnownFileType = text.plist.xml; path = Info.plist; sourceTree = "<group>"; };
		3F2999CF1BC46F6200D99A54 /* cookieUITests.xctest */ = {isa = PBXFileReference; explicitFileType = wrapper.cfbundle; includeInIndex = 0; path = cookieUITests.xctest; sourceTree = BUILT_PRODUCTS_DIR; };
		3F2999D31BC46F6200D99A54 /* cookieUITests.m */ = {isa = PBXFileReference; lastKnownFileType = sourcecode.c.objc; path = cookieUITests.m; sourceTree = "<group>"; };
		3F2999D51BC46F6200D99A54 /* Info.plist */ = {isa = PBXFileReference; lastKnownFileType = text.plist.xml; path = Info.plist; sourceTree = "<group>"; };
		3FD0642D1C15205300FF0B6D /* MilkSpashAnimation_Left.sks */ = {isa = PBXFileReference; lastKnownFileType = file.sks; path = MilkSpashAnimation_Left.sks; sourceTree = "<group>"; };
		3FD6047A1C22051A00ECECCE /* sprites.atlas */ = {isa = PBXFileReference; lastKnownFileType = folder.skatlas; path = sprites.atlas; sourceTree = "<group>"; };
		3FD6047C1C22052800ECECCE /* sprites-ipad.atlas */ = {isa = PBXFileReference; lastKnownFileType = folder.skatlas; path = "sprites-ipad.atlas"; sourceTree = "<group>"; };
		3FD6047E1C22053700ECECCE /* sprites-568.atlas */ = {isa = PBXFileReference; lastKnownFileType = folder.skatlas; path = "sprites-568.atlas"; sourceTree = "<group>"; };
		3FDC3CB91C2D9F7A00EE6FC6 /* JMBasicLevel.h */ = {isa = PBXFileReference; fileEncoding = 4; lastKnownFileType = sourcecode.c.h; path = JMBasicLevel.h; sourceTree = "<group>"; };
		3FDC3CBA1C2D9F7A00EE6FC6 /* JMBasicLevel.m */ = {isa = PBXFileReference; fileEncoding = 4; lastKnownFileType = sourcecode.c.objc; path = JMBasicLevel.m; sourceTree = "<group>"; };
		3FDC3CBC1C2D9FCD00EE6FC6 /* JMLevel01.h */ = {isa = PBXFileReference; fileEncoding = 4; lastKnownFileType = sourcecode.c.h; path = JMLevel01.h; sourceTree = "<group>"; };
		3FDC3CBD1C2D9FCD00EE6FC6 /* JMLevel01.m */ = {isa = PBXFileReference; fileEncoding = 4; lastKnownFileType = sourcecode.c.objc; path = JMLevel01.m; sourceTree = "<group>"; };
		3FDC3CC01C2DA94300EE6FC6 /* JMLevel02.h */ = {isa = PBXFileReference; fileEncoding = 4; lastKnownFileType = sourcecode.c.h; path = JMLevel02.h; sourceTree = "<group>"; };
		3FDC3CC11C2DA94300EE6FC6 /* JMLevel02.m */ = {isa = PBXFileReference; fileEncoding = 4; lastKnownFileType = sourcecode.c.objc; path = JMLevel02.m; sourceTree = "<group>"; };
		3FE2C6221C2C9AF100D6CC39 /* JMStar.h */ = {isa = PBXFileReference; fileEncoding = 4; lastKnownFileType = sourcecode.c.h; path = JMStar.h; sourceTree = "<group>"; };
		3FE2C6231C2C9AF100D6CC39 /* JMStar.m */ = {isa = PBXFileReference; fileEncoding = 4; lastKnownFileType = sourcecode.c.objc; path = JMStar.m; sourceTree = "<group>"; };
		3FF09B971C8CC9C2007055BB /* JMLevelSelect.h */ = {isa = PBXFileReference; fileEncoding = 4; lastKnownFileType = sourcecode.c.h; name = JMLevelSelect.h; path = ../JMLevelSelect.h; sourceTree = "<group>"; };
		3FF09B981C8CC9C2007055BB /* JMLevelSelect.m */ = {isa = PBXFileReference; fileEncoding = 4; lastKnownFileType = sourcecode.c.objc; name = JMLevelSelect.m; path = ../JMLevelSelect.m; sourceTree = "<group>"; };
		3FF09B9E1C8CD2AA007055BB /* JMScrollableNode.h */ = {isa = PBXFileReference; fileEncoding = 4; lastKnownFileType = sourcecode.c.h; path = JMScrollableNode.h; sourceTree = "<group>"; };
		3FF09B9F1C8CD2AA007055BB /* JMScrollableNode.m */ = {isa = PBXFileReference; fileEncoding = 4; lastKnownFileType = sourcecode.c.objc; path = JMScrollableNode.m; sourceTree = "<group>"; };
		3FF635931C19288A000FC6E2 /* MilkSpashAnimation_Right.sks */ = {isa = PBXFileReference; lastKnownFileType = file.sks; path = MilkSpashAnimation_Right.sks; sourceTree = "<group>"; };
		3FFAFE661C2A3809009E4DFF /* JMWall.h */ = {isa = PBXFileReference; fileEncoding = 4; lastKnownFileType = sourcecode.c.h; path = JMWall.h; sourceTree = "<group>"; };
		3FFAFE671C2A3809009E4DFF /* JMWall.m */ = {isa = PBXFileReference; fileEncoding = 4; lastKnownFileType = sourcecode.c.objc; path = JMWall.m; sourceTree = "<group>"; };
/* End PBXFileReference section */

/* Begin PBXFrameworksBuildPhase section */
		3F2999A31BC46F6200D99A54 /* Frameworks */ = {
			isa = PBXFrameworksBuildPhase;
			buildActionMask = 2147483647;
			files = (
			);
			runOnlyForDeploymentPostprocessing = 0;
		};
		3F2999C11BC46F6200D99A54 /* Frameworks */ = {
			isa = PBXFrameworksBuildPhase;
			buildActionMask = 2147483647;
			files = (
			);
			runOnlyForDeploymentPostprocessing = 0;
		};
		3F2999CC1BC46F6200D99A54 /* Frameworks */ = {
			isa = PBXFrameworksBuildPhase;
			buildActionMask = 2147483647;
			files = (
			);
			runOnlyForDeploymentPostprocessing = 0;
		};
/* End PBXFrameworksBuildPhase section */

/* Begin PBXGroup section */
		3F29999D1BC46F6200D99A54 = {
			isa = PBXGroup;
			children = (
				3F2999A81BC46F6200D99A54 /* cookie */,
				3F2999C71BC46F6200D99A54 /* cookieTests */,
				3F2999D21BC46F6200D99A54 /* cookieUITests */,
				3F2999A71BC46F6200D99A54 /* Products */,
			);
			sourceTree = "<group>";
		};
		3F2999A71BC46F6200D99A54 /* Products */ = {
			isa = PBXGroup;
			children = (
				3F2999A61BC46F6200D99A54 /* cookie.app */,
				3F2999C41BC46F6200D99A54 /* cookieTests.xctest */,
				3F2999CF1BC46F6200D99A54 /* cookieUITests.xctest */,
			);
			name = Products;
			sourceTree = "<group>";
		};
		3F2999A81BC46F6200D99A54 /* cookie */ = {
			isa = PBXGroup;
			children = (
				3FF09B9A1C8CCEC1007055BB /* Menu */,
				3FDC3CB41C2D9C8100EE6FC6 /* Levels */,
				3FFAFE611C2A0E97009E4DFF /* Classes */,
				3FFAFE5D1C2A0D7E009E4DFF /* Sprites */,
				3FFAFE5E1C2A0DB9009E4DFF /* Delegates */,
				3FFAFE5C1C2A0CF4009E4DFF /* Animation */,
				3FFAFE601C2A0E08009E4DFF /* GameView Controller */,
				3F2999B71BC46F6200D99A54 /* Main.storyboard */,
				3F2999BA1BC46F6200D99A54 /* Assets.xcassets */,
				3F2999BC1BC46F6200D99A54 /* LaunchScreen.storyboard */,
				3F2999BF1BC46F6200D99A54 /* Info.plist */,
				3F2999A91BC46F6200D99A54 /* Supporting Files */,
			);
			path = cookie;
			sourceTree = "<group>";
		};
		3F2999A91BC46F6200D99A54 /* Supporting Files */ = {
			isa = PBXGroup;
			children = (
				3F2999AA1BC46F6200D99A54 /* main.m */,
			);
			name = "Supporting Files";
			sourceTree = "<group>";
		};
		3F2999C71BC46F6200D99A54 /* cookieTests */ = {
			isa = PBXGroup;
			children = (
				3F2999C81BC46F6200D99A54 /* cookieTests.m */,
				3F2999CA1BC46F6200D99A54 /* Info.plist */,
			);
			path = cookieTests;
			sourceTree = "<group>";
		};
		3F2999D21BC46F6200D99A54 /* cookieUITests */ = {
			isa = PBXGroup;
			children = (
				3F2999D31BC46F6200D99A54 /* cookieUITests.m */,
				3F2999D51BC46F6200D99A54 /* Info.plist */,
			);
			path = cookieUITests;
			sourceTree = "<group>";
		};
		3FDC3CB41C2D9C8100EE6FC6 /* Levels */ = {
			isa = PBXGroup;
			children = (
				3FF09B961C8CC8A2007055BB /* Basic Level */,
				3FDC3CB51C2D9C9200EE6FC6 /* Level 1 */,
				3FDC3CBF1C2DA92900EE6FC6 /* Level 02 */,
			);
			name = Levels;
			sourceTree = "<group>";
		};
		3FDC3CB51C2D9C9200EE6FC6 /* Level 1 */ = {
			isa = PBXGroup;
			children = (
				3FDC3CBC1C2D9FCD00EE6FC6 /* JMLevel01.h */,
				3FDC3CBD1C2D9FCD00EE6FC6 /* JMLevel01.m */,
			);
			name = "Level 1";
			sourceTree = "<group>";
		};
		3FDC3CBF1C2DA92900EE6FC6 /* Level 02 */ = {
			isa = PBXGroup;
			children = (
				3FDC3CC01C2DA94300EE6FC6 /* JMLevel02.h */,
				3FDC3CC11C2DA94300EE6FC6 /* JMLevel02.m */,
			);
			name = "Level 02";
			sourceTree = "<group>";
		};
		3FE2C6211C2C9AB200D6CC39 /* JMWall */ = {
			isa = PBXGroup;
			children = (
				3FFAFE661C2A3809009E4DFF /* JMWall.h */,
				3FFAFE671C2A3809009E4DFF /* JMWall.m */,
			);
			name = JMWall;
			sourceTree = "<group>";
		};
		3FF09B961C8CC8A2007055BB /* Basic Level */ = {
			isa = PBXGroup;
			children = (
				3FDC3CB91C2D9F7A00EE6FC6 /* JMBasicLevel.h */,
				3FDC3CBA1C2D9F7A00EE6FC6 /* JMBasicLevel.m */,
			);
			name = "Basic Level";
			sourceTree = "<group>";
		};
		3FF09B9A1C8CCEC1007055BB /* Menu */ = {
			isa = PBXGroup;
			children = (
				3FF09B9E1C8CD2AA007055BB /* JMScrollableNode.h */,
				3FF09B9F1C8CD2AA007055BB /* JMScrollableNode.m */,
				3FF09B971C8CC9C2007055BB /* JMLevelSelect.h */,
				3FF09B981C8CC9C2007055BB /* JMLevelSelect.m */,
			);
			name = Menu;
			sourceTree = "<group>";
		};
		3FFAFE5C1C2A0CF4009E4DFF /* Animation */ = {
			isa = PBXGroup;
			children = (
				3FD0642D1C15205300FF0B6D /* MilkSpashAnimation_Left.sks */,
				3FF635931C19288A000FC6E2 /* MilkSpashAnimation_Right.sks */,
			);
			name = Animation;
			sourceTree = "<group>";
		};
		3FFAFE5D1C2A0D7E009E4DFF /* Sprites */ = {
			isa = PBXGroup;
			children = (
				3FD6047A1C22051A00ECECCE /* sprites.atlas */,
				3FD6047C1C22052800ECECCE /* sprites-ipad.atlas */,
				3FD6047E1C22053700ECECCE /* sprites-568.atlas */,
			);
			name = Sprites;
			sourceTree = "<group>";
		};
		3FFAFE5E1C2A0DB9009E4DFF /* Delegates */ = {
			isa = PBXGroup;
			children = (
				3F2999AC1BC46F6200D99A54 /* AppDelegate.h */,
				3F2999AD1BC46F6200D99A54 /* AppDelegate.m */,
			);
			name = Delegates;
			sourceTree = "<group>";
		};
		3FFAFE601C2A0E08009E4DFF /* GameView Controller */ = {
			isa = PBXGroup;
			children = (
				3F2999B41BC46F6200D99A54 /* GameViewController.h */,
				3F2999B51BC46F6200D99A54 /* GameViewController.m */,
			);
			name = "GameView Controller";
			sourceTree = "<group>";
		};
		3FFAFE611C2A0E97009E4DFF /* Classes */ = {
			isa = PBXGroup;
			children = (
				3FE2C6221C2C9AF100D6CC39 /* JMStar.h */,
				3FE2C6231C2C9AF100D6CC39 /* JMStar.m */,
				3FE2C6211C2C9AB200D6CC39 /* JMWall */,
			);
			name = Classes;
			sourceTree = "<group>";
		};
/* End PBXGroup section */

/* Begin PBXNativeTarget section */
		3F2999A51BC46F6200D99A54 /* cookie */ = {
			isa = PBXNativeTarget;
			buildConfigurationList = 3F2999D81BC46F6200D99A54 /* Build configuration list for PBXNativeTarget "cookie" */;
			buildPhases = (
				3F2999A21BC46F6200D99A54 /* Sources */,
				3F2999A31BC46F6200D99A54 /* Frameworks */,
				3F2999A41BC46F6200D99A54 /* Resources */,
			);
			buildRules = (
			);
			dependencies = (
			);
			name = cookie;
			productName = cookie;
			productReference = 3F2999A61BC46F6200D99A54 /* cookie.app */;
			productType = "com.apple.product-type.application";
		};
		3F2999C31BC46F6200D99A54 /* cookieTests */ = {
			isa = PBXNativeTarget;
			buildConfigurationList = 3F2999DB1BC46F6200D99A54 /* Build configuration list for PBXNativeTarget "cookieTests" */;
			buildPhases = (
				3F2999C01BC46F6200D99A54 /* Sources */,
				3F2999C11BC46F6200D99A54 /* Frameworks */,
				3F2999C21BC46F6200D99A54 /* Resources */,
			);
			buildRules = (
			);
			dependencies = (
				3F2999C61BC46F6200D99A54 /* PBXTargetDependency */,
			);
			name = cookieTests;
			productName = cookieTests;
			productReference = 3F2999C41BC46F6200D99A54 /* cookieTests.xctest */;
			productType = "com.apple.product-type.bundle.unit-test";
		};
		3F2999CE1BC46F6200D99A54 /* cookieUITests */ = {
			isa = PBXNativeTarget;
			buildConfigurationList = 3F2999DE1BC46F6200D99A54 /* Build configuration list for PBXNativeTarget "cookieUITests" */;
			buildPhases = (
				3F2999CB1BC46F6200D99A54 /* Sources */,
				3F2999CC1BC46F6200D99A54 /* Frameworks */,
				3F2999CD1BC46F6200D99A54 /* Resources */,
			);
			buildRules = (
			);
			dependencies = (
				3F2999D11BC46F6200D99A54 /* PBXTargetDependency */,
			);
			name = cookieUITests;
			productName = cookieUITests;
			productReference = 3F2999CF1BC46F6200D99A54 /* cookieUITests.xctest */;
			productType = "com.apple.product-type.bundle.ui-testing";
		};
/* End PBXNativeTarget section */

/* Begin PBXProject section */
		3F29999E1BC46F6200D99A54 /* Project object */ = {
			isa = PBXProject;
			attributes = {
				LastUpgradeCheck = 0700;
				ORGANIZATIONNAME = "Jeremy Mackey";
				TargetAttributes = {
					3F2999A51BC46F6200D99A54 = {
						CreatedOnToolsVersion = 7.0.1;
						DevelopmentTeam = L596K7RQQD;
					};
					3F2999C31BC46F6200D99A54 = {
						CreatedOnToolsVersion = 7.0.1;
						TestTargetID = 3F2999A51BC46F6200D99A54;
					};
					3F2999CE1BC46F6200D99A54 = {
						CreatedOnToolsVersion = 7.0.1;
						TestTargetID = 3F2999A51BC46F6200D99A54;
					};
				};
			};
			buildConfigurationList = 3F2999A11BC46F6200D99A54 /* Build configuration list for PBXProject "cookie" */;
			compatibilityVersion = "Xcode 3.2";
			developmentRegion = English;
			hasScannedForEncodings = 0;
			knownRegions = (
				en,
				Base,
			);
			mainGroup = 3F29999D1BC46F6200D99A54;
			productRefGroup = 3F2999A71BC46F6200D99A54 /* Products */;
			projectDirPath = "";
			projectRoot = "";
			targets = (
				3F2999A51BC46F6200D99A54 /* cookie */,
				3F2999C31BC46F6200D99A54 /* cookieTests */,
				3F2999CE1BC46F6200D99A54 /* cookieUITests */,
			);
		};
/* End PBXProject section */

/* Begin PBXResourcesBuildPhase section */
		3F2999A41BC46F6200D99A54 /* Resources */ = {
			isa = PBXResourcesBuildPhase;
			buildActionMask = 2147483647;
			files = (
				3FD0642F1C15205300FF0B6D /* MilkSpashAnimation_Left.sks in Resources */,
				3FD6047B1C22051A00ECECCE /* sprites.atlas in Resources */,
				3FD6047F1C22053700ECECCE /* sprites-568.atlas in Resources */,
				3F2999BE1BC46F6200D99A54 /* LaunchScreen.storyboard in Resources */,
				3F2999BB1BC46F6200D99A54 /* Assets.xcassets in Resources */,
				3F2999B91BC46F6200D99A54 /* Main.storyboard in Resources */,
				3FD6047D1C22052800ECECCE /* sprites-ipad.atlas in Resources */,
				3FF635941C19288A000FC6E2 /* MilkSpashAnimation_Right.sks in Resources */,
			);
			runOnlyForDeploymentPostprocessing = 0;
		};
		3F2999C21BC46F6200D99A54 /* Resources */ = {
			isa = PBXResourcesBuildPhase;
			buildActionMask = 2147483647;
			files = (
			);
			runOnlyForDeploymentPostprocessing = 0;
		};
		3F2999CD1BC46F6200D99A54 /* Resources */ = {
			isa = PBXResourcesBuildPhase;
			buildActionMask = 2147483647;
			files = (
			);
			runOnlyForDeploymentPostprocessing = 0;
		};
/* End PBXResourcesBuildPhase section */

/* Begin PBXSourcesBuildPhase section */
		3F2999A21BC46F6200D99A54 /* Sources */ = {
			isa = PBXSourcesBuildPhase;
			buildActionMask = 2147483647;
			files = (
				3FE2C6241C2C9AF100D6CC39 /* JMStar.m in Sources */,
				3FF09B991C8CC9C2007055BB /* JMLevelSelect.m in Sources */,
				3F2999B61BC46F6200D99A54 /* GameViewController.m in Sources */,
				3F2999AE1BC46F6200D99A54 /* AppDelegate.m in Sources */,
				3FDC3CC21C2DA94300EE6FC6 /* JMLevel02.m in Sources */,
				3FF09BA01C8CD2AA007055BB /* JMScrollableNode.m in Sources */,
				3FFAFE681C2A3809009E4DFF /* JMWall.m in Sources */,
				3FDC3CBB1C2D9F7A00EE6FC6 /* JMBasicLevel.m in Sources */,
				3FDC3CBE1C2D9FCD00EE6FC6 /* JMLevel01.m in Sources */,
				3F2999AB1BC46F6200D99A54 /* main.m in Sources */,
			);
			runOnlyForDeploymentPostprocessing = 0;
		};
		3F2999C01BC46F6200D99A54 /* Sources */ = {
			isa = PBXSourcesBuildPhase;
			buildActionMask = 2147483647;
			files = (
				3F2999C91BC46F6200D99A54 /* cookieTests.m in Sources */,
			);
			runOnlyForDeploymentPostprocessing = 0;
		};
		3F2999CB1BC46F6200D99A54 /* Sources */ = {
			isa = PBXSourcesBuildPhase;
			buildActionMask = 2147483647;
			files = (
				3F2999D41BC46F6200D99A54 /* cookieUITests.m in Sources */,
			);
			runOnlyForDeploymentPostprocessing = 0;
		};
/* End PBXSourcesBuildPhase section */

/* Begin PBXTargetDependency section */
		3F2999C61BC46F6200D99A54 /* PBXTargetDependency */ = {
			isa = PBXTargetDependency;
			target = 3F2999A51BC46F6200D99A54 /* cookie */;
			targetProxy = 3F2999C51BC46F6200D99A54 /* PBXContainerItemProxy */;
		};
		3F2999D11BC46F6200D99A54 /* PBXTargetDependency */ = {
			isa = PBXTargetDependency;
			target = 3F2999A51BC46F6200D99A54 /* cookie */;
			targetProxy = 3F2999D01BC46F6200D99A54 /* PBXContainerItemProxy */;
		};
/* End PBXTargetDependency section */

/* Begin PBXVariantGroup section */
		3F2999B71BC46F6200D99A54 /* Main.storyboard */ = {
			isa = PBXVariantGroup;
			children = (
				3F2999B81BC46F6200D99A54 /* Base */,
			);
			name = Main.storyboard;
			sourceTree = "<group>";
		};
		3F2999BC1BC46F6200D99A54 /* LaunchScreen.storyboard */ = {
			isa = PBXVariantGroup;
			children = (
				3F2999BD1BC46F6200D99A54 /* Base */,
			);
			name = LaunchScreen.storyboard;
			sourceTree = "<group>";
		};
/* End PBXVariantGroup section */

/* Begin XCBuildConfiguration section */
		3F2999D61BC46F6200D99A54 /* Debug */ = {
			isa = XCBuildConfiguration;
			buildSettings = {
				ALWAYS_SEARCH_USER_PATHS = NO;
				CLANG_CXX_LANGUAGE_STANDARD = "gnu++0x";
				CLANG_CXX_LIBRARY = "libc++";
				CLANG_ENABLE_MODULES = YES;
				CLANG_ENABLE_OBJC_ARC = YES;
				CLANG_WARN_BOOL_CONVERSION = YES;
				CLANG_WARN_CONSTANT_CONVERSION = YES;
				CLANG_WARN_DIRECT_OBJC_ISA_USAGE = YES_ERROR;
				CLANG_WARN_EMPTY_BODY = YES;
				CLANG_WARN_ENUM_CONVERSION = YES;
				CLANG_WARN_INT_CONVERSION = YES;
				CLANG_WARN_OBJC_ROOT_CLASS = YES_ERROR;
				CLANG_WARN_UNREACHABLE_CODE = YES;
				CLANG_WARN__DUPLICATE_METHOD_MATCH = YES;
				"CODE_SIGN_IDENTITY[sdk=iphoneos*]" = "iPhone Developer";
				COPY_PHASE_STRIP = NO;
				DEBUG_INFORMATION_FORMAT = "dwarf-with-dsym";
				ENABLE_STRICT_OBJC_MSGSEND = YES;
				ENABLE_TESTABILITY = YES;
				GCC_C_LANGUAGE_STANDARD = gnu99;
				GCC_DYNAMIC_NO_PIC = NO;
				GCC_NO_COMMON_BLOCKS = YES;
				GCC_OPTIMIZATION_LEVEL = 0;
				GCC_PREPROCESSOR_DEFINITIONS = (
					"DEBUG=1",
					"$(inherited)",
				);
				GCC_WARN_64_TO_32_BIT_CONVERSION = YES;
				GCC_WARN_ABOUT_RETURN_TYPE = YES_ERROR;
				GCC_WARN_UNDECLARED_SELECTOR = YES;
				GCC_WARN_UNINITIALIZED_AUTOS = YES_AGGRESSIVE;
				GCC_WARN_UNUSED_FUNCTION = YES;
				GCC_WARN_UNUSED_VARIABLE = YES;
				IPHONEOS_DEPLOYMENT_TARGET = 9.0;
				MTL_ENABLE_DEBUG_INFO = YES;
				ONLY_ACTIVE_ARCH = YES;
				SDKROOT = iphoneos;
			};
			name = Debug;
		};
		3F2999D71BC46F6200D99A54 /* Release */ = {
			isa = XCBuildConfiguration;
			buildSettings = {
				ALWAYS_SEARCH_USER_PATHS = NO;
				CLANG_CXX_LANGUAGE_STANDARD = "gnu++0x";
				CLANG_CXX_LIBRARY = "libc++";
				CLANG_ENABLE_MODULES = YES;
				CLANG_ENABLE_OBJC_ARC = YES;
				CLANG_WARN_BOOL_CONVERSION = YES;
				CLANG_WARN_CONSTANT_CONVERSION = YES;
				CLANG_WARN_DIRECT_OBJC_ISA_USAGE = YES_ERROR;
				CLANG_WARN_EMPTY_BODY = YES;
				CLANG_WARN_ENUM_CONVERSION = YES;
				CLANG_WARN_INT_CONVERSION = YES;
				CLANG_WARN_OBJC_ROOT_CLASS = YES_ERROR;
				CLANG_WARN_UNREACHABLE_CODE = YES;
				CLANG_WARN__DUPLICATE_METHOD_MATCH = YES;
				"CODE_SIGN_IDENTITY[sdk=iphoneos*]" = "iPhone Developer";
				COPY_PHASE_STRIP = NO;
				DEBUG_INFORMATION_FORMAT = "dwarf-with-dsym";
				ENABLE_NS_ASSERTIONS = NO;
				ENABLE_STRICT_OBJC_MSGSEND = YES;
				GCC_C_LANGUAGE_STANDARD = gnu99;
				GCC_NO_COMMON_BLOCKS = YES;
				GCC_WARN_64_TO_32_BIT_CONVERSION = YES;
				GCC_WARN_ABOUT_RETURN_TYPE = YES_ERROR;
				GCC_WARN_UNDECLARED_SELECTOR = YES;
				GCC_WARN_UNINITIALIZED_AUTOS = YES_AGGRESSIVE;
				GCC_WARN_UNUSED_FUNCTION = YES;
				GCC_WARN_UNUSED_VARIABLE = YES;
				IPHONEOS_DEPLOYMENT_TARGET = 9.0;
				MTL_ENABLE_DEBUG_INFO = NO;
				SDKROOT = iphoneos;
				VALIDATE_PRODUCT = YES;
			};
			name = Release;
		};
		3F2999D91BC46F6200D99A54 /* Debug */ = {
			isa = XCBuildConfiguration;
			buildSettings = {
				ASSETCATALOG_COMPILER_APPICON_NAME = AppIcon;
				CODE_SIGN_IDENTITY = "iPhone Developer";
				INFOPLIST_FILE = cookie/Info.plist;
				IPHONEOS_DEPLOYMENT_TARGET = 7.0;
				LD_RUNPATH_SEARCH_PATHS = "$(inherited) @executable_path/Frameworks";
				PRODUCT_BUNDLE_IDENTIFIER = JMAC.cookie;
				PRODUCT_NAME = "$(TARGET_NAME)";
				TARGETED_DEVICE_FAMILY = "1,2";
			};
			name = Debug;
		};
		3F2999DA1BC46F6200D99A54 /* Release */ = {
			isa = XCBuildConfiguration;
			buildSettings = {
				ASSETCATALOG_COMPILER_APPICON_NAME = AppIcon;
				CODE_SIGN_IDENTITY = "iPhone Developer";
				INFOPLIST_FILE = cookie/Info.plist;
				IPHONEOS_DEPLOYMENT_TARGET = 7.0;
				LD_RUNPATH_SEARCH_PATHS = "$(inherited) @executable_path/Frameworks";
				PRODUCT_BUNDLE_IDENTIFIER = JMAC.cookie;
				PRODUCT_NAME = "$(TARGET_NAME)";
				TARGETED_DEVICE_FAMILY = "1,2";
			};
			name = Release;
		};
		3F2999DC1BC46F6200D99A54 /* Debug */ = {
			isa = XCBuildConfiguration;
			buildSettings = {
				BUNDLE_LOADER = "$(TEST_HOST)";
				DEBUG_INFORMATION_FORMAT = dwarf;
				INFOPLIST_FILE = cookieTests/Info.plist;
				LD_RUNPATH_SEARCH_PATHS = "$(inherited) @executable_path/Frameworks @loader_path/Frameworks";
				PRODUCT_BUNDLE_IDENTIFIER = JMAC.cookieTests;
				PRODUCT_NAME = "$(TARGET_NAME)";
				TEST_HOST = "$(BUILT_PRODUCTS_DIR)/cookie.app/cookie";
			};
			name = Debug;
		};
		3F2999DD1BC46F6200D99A54 /* Release */ = {
			isa = XCBuildConfiguration;
			buildSettings = {
				BUNDLE_LOADER = "$(TEST_HOST)";
				INFOPLIST_FILE = cookieTests/Info.plist;
				LD_RUNPATH_SEARCH_PATHS = "$(inherited) @executable_path/Frameworks @loader_path/Frameworks";
				PRODUCT_BUNDLE_IDENTIFIER = JMAC.cookieTests;
				PRODUCT_NAME = "$(TARGET_NAME)";
				TEST_HOST = "$(BUILT_PRODUCTS_DIR)/cookie.app/cookie";
			};
			name = Release;
		};
		3F2999DF1BC46F6200D99A54 /* Debug */ = {
			isa = XCBuildConfiguration;
			buildSettings = {
				DEBUG_INFORMATION_FORMAT = dwarf;
				INFOPLIST_FILE = cookieUITests/Info.plist;
				LD_RUNPATH_SEARCH_PATHS = "$(inherited) @executable_path/Frameworks @loader_path/Frameworks";
				PRODUCT_BUNDLE_IDENTIFIER = JMAC.cookieUITests;
				PRODUCT_NAME = "$(TARGET_NAME)";
				TEST_TARGET_NAME = cookie;
				USES_XCTRUNNER = YES;
			};
			name = Debug;
		};
		3F2999E01BC46F6200D99A54 /* Release */ = {
			isa = XCBuildConfiguration;
			buildSettings = {
				INFOPLIST_FILE = cookieUITests/Info.plist;
				LD_RUNPATH_SEARCH_PATHS = "$(inherited) @executable_path/Frameworks @loader_path/Frameworks";
				PRODUCT_BUNDLE_IDENTIFIER = JMAC.cookieUITests;
				PRODUCT_NAME = "$(TARGET_NAME)";
				TEST_TARGET_NAME = cookie;
				USES_XCTRUNNER = YES;
			};
			name = Release;
		};
/* End XCBuildConfiguration section */

/* Begin XCConfigurationList section */
		3F2999A11BC46F6200D99A54 /* Build configuration list for PBXProject "cookie" */ = {
			isa = XCConfigurationList;
			buildConfigurations = (
				3F2999D61BC46F6200D99A54 /* Debug */,
				3F2999D71BC46F6200D99A54 /* Release */,
			);
			defaultConfigurationIsVisible = 0;
			defaultConfigurationName = Release;
		};
		3F2999D81BC46F6200D99A54 /* Build configuration list for PBXNativeTarget "cookie" */ = {
			isa = XCConfigurationList;
			buildConfigurations = (
				3F2999D91BC46F6200D99A54 /* Debug */,
				3F2999DA1BC46F6200D99A54 /* Release */,
			);
			defaultConfigurationIsVisible = 0;
			defaultConfigurationName = Release;
		};
		3F2999DB1BC46F6200D99A54 /* Build configuration list for PBXNativeTarget "cookieTests" */ = {
			isa = XCConfigurationList;
			buildConfigurations = (
				3F2999DC1BC46F6200D99A54 /* Debug */,
				3F2999DD1BC46F6200D99A54 /* Release */,
			);
			defaultConfigurationIsVisible = 0;
			defaultConfigurationName = Release;
		};
		3F2999DE1BC46F6200D99A54 /* Build configuration list for PBXNativeTarget "cookieUITests" */ = {
			isa = XCConfigurationList;
			buildConfigurations = (
				3F2999DF1BC46F6200D99A54 /* Debug */,
				3F2999E01BC46F6200D99A54 /* Release */,
			);
			defaultConfigurationIsVisible = 0;
			defaultConfigurationName = Release;
		};
/* End XCConfigurationList section */
	};
	rootObject = 3F29999E1BC46F6200D99A54 /* Project object */;
}
